
Microsoft Visual Studio Solution File, Format Version 12.00
# Visual Studio 15
VisualStudioVersion = 15.0.27004.2002
MinimumVisualStudioVersion = 10.0.40219.1
Project("{FAE04EC0-301F-11D3-BF4B-00C04F79EFBC}") = "XamarinFormsGridView.Android", "XamarinFormsGridView\XamarinFormsGridView.Android\XamarinFormsGridView.Android.csproj", "{FC4BE528-B725-47D6-A6AB-4A5A3972CFEF}"
EndProject
Project("{FAE04EC0-301F-11D3-BF4B-00C04F79EFBC}") = "XamarinFormsGridView", "XamarinFormsGridView\XamarinFormsGridView\XamarinFormsGridView.csproj", "{D70C435E-A72A-4D54-8CD5-0956D9E8E483}"
EndProject
Project("{FAE04EC0-301F-11D3-BF4B-00C04F79EFBC}") = "XamarinFormsGridView.UWP", "XamarinFormsGridView\XamarinFormsGridView.UWP\XamarinFormsGridView.UWP.csproj", "{2709171C-1C47-4FE1-BAD0-F78296666986}"
EndProject
Project("{FAE04EC0-301F-11D3-BF4B-00C04F79EFBC}") = "XamarinFormsGridView.iOS", "XamarinFormsGridView\XamarinFormsGridView.iOS\XamarinFormsGridView.iOS.csproj", "{4BD418DA-7D1E-462F-853D-F12492578E64}"
EndProject
Project("{FAE04EC0-301F-11D3-BF4B-00C04F79EFBC}") = "Plugin.GridViewControl", "Plugin.GridViewControl\Plugin.GridViewControl\Plugin.GridViewControl.csproj", "{67F9D3A8-F71E-4428-913F-C37AE82CDB24}"
EndProject
Project("{FAE04EC0-301F-11D3-BF4B-00C04F79EFBC}") = "Plugin.GridViewControl.Android", "Plugin.GridViewControl\Plugin.GridViewControl.Android\Plugin.GridViewControl.Android.csproj", "{8FDC9DB9-F16D-455A-AC1B-01D5450959DE}"
EndProject
Project("{FAE04EC0-301F-11D3-BF4B-00C04F79EFBC}") = "Plugin.GridViewControl.iOS", "Plugin.GridViewControl\Plugin.GridViewControl.iOS\Plugin.GridViewControl.iOS.csproj", "{A1D96EFD-D828-4C15-B2BA-8BA2A554E2B1}"
EndProject
Project("{FAE04EC0-301F-11D3-BF4B-00C04F79EFBC}") = "Plugin.GridViewControl.UWP", "Plugin.GridViewControl\Plugin.GridViewControl.UWP\Plugin.GridViewControl.UWP.csproj", "{C9C28B88-6937-48B9-AF71-E281E03241A5}"
EndProject
Global
	GlobalSection(SolutionConfigurationPlatforms) = preSolution
		Ad-Hoc|Any CPU = Ad-Hoc|Any CPU
		Ad-Hoc|ARM = Ad-Hoc|ARM
		Ad-Hoc|iPhone = Ad-Hoc|iPhone
		Ad-Hoc|iPhoneSimulator = Ad-Hoc|iPhoneSimulator
		Ad-Hoc|x64 = Ad-Hoc|x64
		Ad-Hoc|x86 = Ad-Hoc|x86
		AppStore|Any CPU = AppStore|Any CPU
		AppStore|ARM = AppStore|ARM
		AppStore|iPhone = AppStore|iPhone
		AppStore|iPhoneSimulator = AppStore|iPhoneSimulator
		AppStore|x64 = AppStore|x64
		AppStore|x86 = AppStore|x86
		Debug|Any CPU = Debug|Any CPU
		Debug|ARM = Debug|ARM
		Debug|iPhone = Debug|iPhone
		Debug|iPhoneSimulator = Debug|iPhoneSimulator
		Debug|x64 = Debug|x64
		Debug|x86 = Debug|x86
		Release|Any CPU = Release|Any CPU
		Release|ARM = Release|ARM
		Release|iPhone = Release|iPhone
		Release|iPhoneSimulator = Release|iPhoneSimulator
		Release|x64 = Release|x64
		Release|x86 = Release|x86
	EndGlobalSection
	GlobalSection(ProjectConfigurationPlatforms) = postSolution
		{FC4BE528-B725-47D6-A6AB-4A5A3972CFEF}.Ad-Hoc|Any CPU.ActiveCfg = Release|Any CPU
		{FC4BE528-B725-47D6-A6AB-4A5A3972CFEF}.Ad-Hoc|Any CPU.Build.0 = Release|Any CPU
		{FC4BE528-B725-47D6-A6AB-4A5A3972CFEF}.Ad-Hoc|Any CPU.Deploy.0 = Release|Any CPU
		{FC4BE528-B725-47D6-A6AB-4A5A3972CFEF}.Ad-Hoc|ARM.ActiveCfg = Release|Any CPU
		{FC4BE528-B725-47D6-A6AB-4A5A3972CFEF}.Ad-Hoc|ARM.Build.0 = Release|Any CPU
		{FC4BE528-B725-47D6-A6AB-4A5A3972CFEF}.Ad-Hoc|ARM.Deploy.0 = Release|Any CPU
		{FC4BE528-B725-47D6-A6AB-4A5A3972CFEF}.Ad-Hoc|iPhone.ActiveCfg = Release|Any CPU
		{FC4BE528-B725-47D6-A6AB-4A5A3972CFEF}.Ad-Hoc|iPhone.Build.0 = Release|Any CPU
		{FC4BE528-B725-47D6-A6AB-4A5A3972CFEF}.Ad-Hoc|iPhone.Deploy.0 = Release|Any CPU
		{FC4BE528-B725-47D6-A6AB-4A5A3972CFEF}.Ad-Hoc|iPhoneSimulator.ActiveCfg = Release|Any CPU
		{FC4BE528-B725-47D6-A6AB-4A5A3972CFEF}.Ad-Hoc|iPhoneSimulator.Build.0 = Release|Any CPU
		{FC4BE528-B725-47D6-A6AB-4A5A3972CFEF}.Ad-Hoc|iPhoneSimulator.Deploy.0 = Release|Any CPU
		{FC4BE528-B725-47D6-A6AB-4A5A3972CFEF}.Ad-Hoc|x64.ActiveCfg = Release|Any CPU
		{FC4BE528-B725-47D6-A6AB-4A5A3972CFEF}.Ad-Hoc|x64.Build.0 = Release|Any CPU
		{FC4BE528-B725-47D6-A6AB-4A5A3972CFEF}.Ad-Hoc|x64.Deploy.0 = Release|Any CPU
		{FC4BE528-B725-47D6-A6AB-4A5A3972CFEF}.Ad-Hoc|x86.ActiveCfg = Release|Any CPU
		{FC4BE528-B725-47D6-A6AB-4A5A3972CFEF}.Ad-Hoc|x86.Build.0 = Release|Any CPU
		{FC4BE528-B725-47D6-A6AB-4A5A3972CFEF}.Ad-Hoc|x86.Deploy.0 = Release|Any CPU
		{FC4BE528-B725-47D6-A6AB-4A5A3972CFEF}.AppStore|Any CPU.ActiveCfg = Release|Any CPU
		{FC4BE528-B725-47D6-A6AB-4A5A3972CFEF}.AppStore|Any CPU.Build.0 = Release|Any CPU
		{FC4BE528-B725-47D6-A6AB-4A5A3972CFEF}.AppStore|Any CPU.Deploy.0 = Release|Any CPU
		{FC4BE528-B725-47D6-A6AB-4A5A3972CFEF}.AppStore|ARM.ActiveCfg = Release|Any CPU
		{FC4BE528-B725-47D6-A6AB-4A5A3972CFEF}.AppStore|ARM.Build.0 = Release|Any CPU
		{FC4BE528-B725-47D6-A6AB-4A5A3972CFEF}.AppStore|ARM.Deploy.0 = Release|Any CPU
		{FC4BE528-B725-47D6-A6AB-4A5A3972CFEF}.AppStore|iPhone.ActiveCfg = Release|Any CPU
		{FC4BE528-B725-47D6-A6AB-4A5A3972CFEF}.AppStore|iPhone.Build.0 = Release|Any CPU
		{FC4BE528-B725-47D6-A6AB-4A5A3972CFEF}.AppStore|iPhone.Deploy.0 = Release|Any CPU
		{FC4BE528-B725-47D6-A6AB-4A5A3972CFEF}.AppStore|iPhoneSimulator.ActiveCfg = Release|Any CPU
		{FC4BE528-B725-47D6-A6AB-4A5A3972CFEF}.AppStore|iPhoneSimulator.Build.0 = Release|Any CPU
		{FC4BE528-B725-47D6-A6AB-4A5A3972CFEF}.AppStore|iPhoneSimulator.Deploy.0 = Release|Any CPU
		{FC4BE528-B725-47D6-A6AB-4A5A3972CFEF}.AppStore|x64.ActiveCfg = Release|Any CPU
		{FC4BE528-B725-47D6-A6AB-4A5A3972CFEF}.AppStore|x64.Build.0 = Release|Any CPU
		{FC4BE528-B725-47D6-A6AB-4A5A3972CFEF}.AppStore|x64.Deploy.0 = Release|Any CPU
		{FC4BE528-B725-47D6-A6AB-4A5A3972CFEF}.AppStore|x86.ActiveCfg = Release|Any CPU
		{FC4BE528-B725-47D6-A6AB-4A5A3972CFEF}.AppStore|x86.Build.0 = Release|Any CPU
		{FC4BE528-B725-47D6-A6AB-4A5A3972CFEF}.AppStore|x86.Deploy.0 = Release|Any CPU
		{FC4BE528-B725-47D6-A6AB-4A5A3972CFEF}.Debug|Any CPU.ActiveCfg = Debug|Any CPU
		{FC4BE528-B725-47D6-A6AB-4A5A3972CFEF}.Debug|Any CPU.Build.0 = Debug|Any CPU
		{FC4BE528-B725-47D6-A6AB-4A5A3972CFEF}.Debug|Any CPU.Deploy.0 = Debug|Any CPU
		{FC4BE528-B725-47D6-A6AB-4A5A3972CFEF}.Debug|ARM.ActiveCfg = Debug|Any CPU
		{FC4BE528-B725-47D6-A6AB-4A5A3972CFEF}.Debug|ARM.Build.0 = Debug|Any CPU
		{FC4BE528-B725-47D6-A6AB-4A5A3972CFEF}.Debug|ARM.Deploy.0 = Debug|Any CPU
		{FC4BE528-B725-47D6-A6AB-4A5A3972CFEF}.Debug|iPhone.ActiveCfg = Debug|Any CPU
		{FC4BE528-B725-47D6-A6AB-4A5A3972CFEF}.Debug|iPhone.Build.0 = Debug|Any CPU
		{FC4BE528-B725-47D6-A6AB-4A5A3972CFEF}.Debug|iPhone.Deploy.0 = Debug|Any CPU
		{FC4BE528-B725-47D6-A6AB-4A5A3972CFEF}.Debug|iPhoneSimulator.ActiveCfg = Debug|Any CPU
		{FC4BE528-B725-47D6-A6AB-4A5A3972CFEF}.Debug|iPhoneSimulator.Build.0 = Debug|Any CPU
		{FC4BE528-B725-47D6-A6AB-4A5A3972CFEF}.Debug|iPhoneSimulator.Deploy.0 = Debug|Any CPU
		{FC4BE528-B725-47D6-A6AB-4A5A3972CFEF}.Debug|x64.ActiveCfg = Debug|Any CPU
		{FC4BE528-B725-47D6-A6AB-4A5A3972CFEF}.Debug|x64.Build.0 = Debug|Any CPU
		{FC4BE528-B725-47D6-A6AB-4A5A3972CFEF}.Debug|x64.Deploy.0 = Debug|Any CPU
		{FC4BE528-B725-47D6-A6AB-4A5A3972CFEF}.Debug|x86.ActiveCfg = Debug|Any CPU
		{FC4BE528-B725-47D6-A6AB-4A5A3972CFEF}.Debug|x86.Build.0 = Debug|Any CPU
		{FC4BE528-B725-47D6-A6AB-4A5A3972CFEF}.Debug|x86.Deploy.0 = Debug|Any CPU
		{FC4BE528-B725-47D6-A6AB-4A5A3972CFEF}.Release|Any CPU.ActiveCfg = Release|Any CPU
		{FC4BE528-B725-47D6-A6AB-4A5A3972CFEF}.Release|Any CPU.Build.0 = Release|Any CPU
		{FC4BE528-B725-47D6-A6AB-4A5A3972CFEF}.Release|Any CPU.Deploy.0 = Release|Any CPU
		{FC4BE528-B725-47D6-A6AB-4A5A3972CFEF}.Release|ARM.ActiveCfg = Release|Any CPU
		{FC4BE528-B725-47D6-A6AB-4A5A3972CFEF}.Release|ARM.Build.0 = Release|Any CPU
		{FC4BE528-B725-47D6-A6AB-4A5A3972CFEF}.Release|ARM.Deploy.0 = Release|Any CPU
		{FC4BE528-B725-47D6-A6AB-4A5A3972CFEF}.Release|iPhone.ActiveCfg = Release|Any CPU
		{FC4BE528-B725-47D6-A6AB-4A5A3972CFEF}.Release|iPhone.Build.0 = Release|Any CPU
		{FC4BE528-B725-47D6-A6AB-4A5A3972CFEF}.Release|iPhone.Deploy.0 = Release|Any CPU
		{FC4BE528-B725-47D6-A6AB-4A5A3972CFEF}.Release|iPhoneSimulator.ActiveCfg = Release|Any CPU
		{FC4BE528-B725-47D6-A6AB-4A5A3972CFEF}.Release|iPhoneSimulator.Build.0 = Release|Any CPU
		{FC4BE528-B725-47D6-A6AB-4A5A3972CFEF}.Release|iPhoneSimulator.Deploy.0 = Release|Any CPU
		{FC4BE528-B725-47D6-A6AB-4A5A3972CFEF}.Release|x64.ActiveCfg = Release|Any CPU
		{FC4BE528-B725-47D6-A6AB-4A5A3972CFEF}.Release|x64.Build.0 = Release|Any CPU
		{FC4BE528-B725-47D6-A6AB-4A5A3972CFEF}.Release|x64.Deploy.0 = Release|Any CPU
		{FC4BE528-B725-47D6-A6AB-4A5A3972CFEF}.Release|x86.ActiveCfg = Release|Any CPU
		{FC4BE528-B725-47D6-A6AB-4A5A3972CFEF}.Release|x86.Build.0 = Release|Any CPU
		{FC4BE528-B725-47D6-A6AB-4A5A3972CFEF}.Release|x86.Deploy.0 = Release|Any CPU
		{D70C435E-A72A-4D54-8CD5-0956D9E8E483}.Ad-Hoc|Any CPU.ActiveCfg = Release|Any CPU
		{D70C435E-A72A-4D54-8CD5-0956D9E8E483}.Ad-Hoc|Any CPU.Build.0 = Release|Any CPU
		{D70C435E-A72A-4D54-8CD5-0956D9E8E483}.Ad-Hoc|ARM.ActiveCfg = Release|Any CPU
		{D70C435E-A72A-4D54-8CD5-0956D9E8E483}.Ad-Hoc|ARM.Build.0 = Release|Any CPU
		{D70C435E-A72A-4D54-8CD5-0956D9E8E483}.Ad-Hoc|iPhone.ActiveCfg = Release|Any CPU
		{D70C435E-A72A-4D54-8CD5-0956D9E8E483}.Ad-Hoc|iPhone.Build.0 = Release|Any CPU
		{D70C435E-A72A-4D54-8CD5-0956D9E8E483}.Ad-Hoc|iPhoneSimulator.ActiveCfg = Release|Any CPU
		{D70C435E-A72A-4D54-8CD5-0956D9E8E483}.Ad-Hoc|iPhoneSimulator.Build.0 = Release|Any CPU
		{D70C435E-A72A-4D54-8CD5-0956D9E8E483}.Ad-Hoc|x64.ActiveCfg = Release|Any CPU
		{D70C435E-A72A-4D54-8CD5-0956D9E8E483}.Ad-Hoc|x64.Build.0 = Release|Any CPU
		{D70C435E-A72A-4D54-8CD5-0956D9E8E483}.Ad-Hoc|x86.ActiveCfg = Release|Any CPU
		{D70C435E-A72A-4D54-8CD5-0956D9E8E483}.Ad-Hoc|x86.Build.0 = Release|Any CPU
		{D70C435E-A72A-4D54-8CD5-0956D9E8E483}.AppStore|Any CPU.ActiveCfg = Release|Any CPU
		{D70C435E-A72A-4D54-8CD5-0956D9E8E483}.AppStore|Any CPU.Build.0 = Release|Any CPU
		{D70C435E-A72A-4D54-8CD5-0956D9E8E483}.AppStore|ARM.ActiveCfg = Release|Any CPU
		{D70C435E-A72A-4D54-8CD5-0956D9E8E483}.AppStore|ARM.Build.0 = Release|Any CPU
		{D70C435E-A72A-4D54-8CD5-0956D9E8E483}.AppStore|iPhone.ActiveCfg = Release|Any CPU
		{D70C435E-A72A-4D54-8CD5-0956D9E8E483}.AppStore|iPhone.Build.0 = Release|Any CPU
		{D70C435E-A72A-4D54-8CD5-0956D9E8E483}.AppStore|iPhoneSimulator.ActiveCfg = Release|Any CPU
		{D70C435E-A72A-4D54-8CD5-0956D9E8E483}.AppStore|iPhoneSimulator.Build.0 = Release|Any CPU
		{D70C435E-A72A-4D54-8CD5-0956D9E8E483}.AppStore|x64.ActiveCfg = Release|Any CPU
		{D70C435E-A72A-4D54-8CD5-0956D9E8E483}.AppStore|x64.Build.0 = Release|Any CPU
		{D70C435E-A72A-4D54-8CD5-0956D9E8E483}.AppStore|x86.ActiveCfg = Release|Any CPU
		{D70C435E-A72A-4D54-8CD5-0956D9E8E483}.AppStore|x86.Build.0 = Release|Any CPU
		{D70C435E-A72A-4D54-8CD5-0956D9E8E483}.Debug|Any CPU.ActiveCfg = Debug|Any CPU
		{D70C435E-A72A-4D54-8CD5-0956D9E8E483}.Debug|Any CPU.Build.0 = Debug|Any CPU
		{D70C435E-A72A-4D54-8CD5-0956D9E8E483}.Debug|ARM.ActiveCfg = Debug|Any CPU
		{D70C435E-A72A-4D54-8CD5-0956D9E8E483}.Debug|ARM.Build.0 = Debug|Any CPU
		{D70C435E-A72A-4D54-8CD5-0956D9E8E483}.Debug|iPhone.ActiveCfg = Debug|Any CPU
		{D70C435E-A72A-4D54-8CD5-0956D9E8E483}.Debug|iPhone.Build.0 = Debug|Any CPU
		{D70C435E-A72A-4D54-8CD5-0956D9E8E483}.Debug|iPhoneSimulator.ActiveCfg = Debug|Any CPU
		{D70C435E-A72A-4D54-8CD5-0956D9E8E483}.Debug|iPhoneSimulator.Build.0 = Debug|Any CPU
		{D70C435E-A72A-4D54-8CD5-0956D9E8E483}.Debug|x64.ActiveCfg = Debug|Any CPU
		{D70C435E-A72A-4D54-8CD5-0956D9E8E483}.Debug|x64.Build.0 = Debug|Any CPU
		{D70C435E-A72A-4D54-8CD5-0956D9E8E483}.Debug|x86.ActiveCfg = Debug|Any CPU
		{D70C435E-A72A-4D54-8CD5-0956D9E8E483}.Debug|x86.Build.0 = Debug|Any CPU
		{D70C435E-A72A-4D54-8CD5-0956D9E8E483}.Release|Any CPU.ActiveCfg = Release|Any CPU
		{D70C435E-A72A-4D54-8CD5-0956D9E8E483}.Release|Any CPU.Build.0 = Release|Any CPU
		{D70C435E-A72A-4D54-8CD5-0956D9E8E483}.Release|ARM.ActiveCfg = Release|Any CPU
		{D70C435E-A72A-4D54-8CD5-0956D9E8E483}.Release|ARM.Build.0 = Release|Any CPU
		{D70C435E-A72A-4D54-8CD5-0956D9E8E483}.Release|iPhone.ActiveCfg = Release|Any CPU
		{D70C435E-A72A-4D54-8CD5-0956D9E8E483}.Release|iPhone.Build.0 = Release|Any CPU
		{D70C435E-A72A-4D54-8CD5-0956D9E8E483}.Release|iPhoneSimulator.ActiveCfg = Release|Any CPU
		{D70C435E-A72A-4D54-8CD5-0956D9E8E483}.Release|iPhoneSimulator.Build.0 = Release|Any CPU
		{D70C435E-A72A-4D54-8CD5-0956D9E8E483}.Release|x64.ActiveCfg = Release|Any CPU
		{D70C435E-A72A-4D54-8CD5-0956D9E8E483}.Release|x64.Build.0 = Release|Any CPU
		{D70C435E-A72A-4D54-8CD5-0956D9E8E483}.Release|x86.ActiveCfg = Release|Any CPU
		{D70C435E-A72A-4D54-8CD5-0956D9E8E483}.Release|x86.Build.0 = Release|Any CPU
		{2709171C-1C47-4FE1-BAD0-F78296666986}.Ad-Hoc|Any CPU.ActiveCfg = Release|x86
		{2709171C-1C47-4FE1-BAD0-F78296666986}.Ad-Hoc|Any CPU.Build.0 = Release|x86
		{2709171C-1C47-4FE1-BAD0-F78296666986}.Ad-Hoc|Any CPU.Deploy.0 = Release|x86
		{2709171C-1C47-4FE1-BAD0-F78296666986}.Ad-Hoc|ARM.ActiveCfg = Release|ARM
		{2709171C-1C47-4FE1-BAD0-F78296666986}.Ad-Hoc|ARM.Build.0 = Release|ARM
		{2709171C-1C47-4FE1-BAD0-F78296666986}.Ad-Hoc|ARM.Deploy.0 = Release|ARM
		{2709171C-1C47-4FE1-BAD0-F78296666986}.Ad-Hoc|iPhone.ActiveCfg = Release|x86
		{2709171C-1C47-4FE1-BAD0-F78296666986}.Ad-Hoc|iPhone.Build.0 = Release|x86
		{2709171C-1C47-4FE1-BAD0-F78296666986}.Ad-Hoc|iPhone.Deploy.0 = Release|x86
		{2709171C-1C47-4FE1-BAD0-F78296666986}.Ad-Hoc|iPhoneSimulator.ActiveCfg = Release|x86
		{2709171C-1C47-4FE1-BAD0-F78296666986}.Ad-Hoc|iPhoneSimulator.Build.0 = Release|x86
		{2709171C-1C47-4FE1-BAD0-F78296666986}.Ad-Hoc|iPhoneSimulator.Deploy.0 = Release|x86
		{2709171C-1C47-4FE1-BAD0-F78296666986}.Ad-Hoc|x64.ActiveCfg = Release|x64
		{2709171C-1C47-4FE1-BAD0-F78296666986}.Ad-Hoc|x64.Build.0 = Release|x64
		{2709171C-1C47-4FE1-BAD0-F78296666986}.Ad-Hoc|x64.Deploy.0 = Release|x64
		{2709171C-1C47-4FE1-BAD0-F78296666986}.Ad-Hoc|x86.ActiveCfg = Release|x86
		{2709171C-1C47-4FE1-BAD0-F78296666986}.Ad-Hoc|x86.Build.0 = Release|x86
		{2709171C-1C47-4FE1-BAD0-F78296666986}.Ad-Hoc|x86.Deploy.0 = Release|x86
		{2709171C-1C47-4FE1-BAD0-F78296666986}.AppStore|Any CPU.ActiveCfg = Release|x86
		{2709171C-1C47-4FE1-BAD0-F78296666986}.AppStore|Any CPU.Build.0 = Release|x86
		{2709171C-1C47-4FE1-BAD0-F78296666986}.AppStore|Any CPU.Deploy.0 = Release|x86
		{2709171C-1C47-4FE1-BAD0-F78296666986}.AppStore|ARM.ActiveCfg = Release|ARM
		{2709171C-1C47-4FE1-BAD0-F78296666986}.AppStore|ARM.Build.0 = Release|ARM
		{2709171C-1C47-4FE1-BAD0-F78296666986}.AppStore|ARM.Deploy.0 = Release|ARM
		{2709171C-1C47-4FE1-BAD0-F78296666986}.AppStore|iPhone.ActiveCfg = Release|x86
		{2709171C-1C47-4FE1-BAD0-F78296666986}.AppStore|iPhone.Build.0 = Release|x86
		{2709171C-1C47-4FE1-BAD0-F78296666986}.AppStore|iPhone.Deploy.0 = Release|x86
		{2709171C-1C47-4FE1-BAD0-F78296666986}.AppStore|iPhoneSimulator.ActiveCfg = Release|x86
		{2709171C-1C47-4FE1-BAD0-F78296666986}.AppStore|iPhoneSimulator.Build.0 = Release|x86
		{2709171C-1C47-4FE1-BAD0-F78296666986}.AppStore|iPhoneSimulator.Deploy.0 = Release|x86
		{2709171C-1C47-4FE1-BAD0-F78296666986}.AppStore|x64.ActiveCfg = Release|x64
		{2709171C-1C47-4FE1-BAD0-F78296666986}.AppStore|x64.Build.0 = Release|x64
		{2709171C-1C47-4FE1-BAD0-F78296666986}.AppStore|x64.Deploy.0 = Release|x64
		{2709171C-1C47-4FE1-BAD0-F78296666986}.AppStore|x86.ActiveCfg = Release|x86
		{2709171C-1C47-4FE1-BAD0-F78296666986}.AppStore|x86.Build.0 = Release|x86
		{2709171C-1C47-4FE1-BAD0-F78296666986}.AppStore|x86.Deploy.0 = Release|x86
		{2709171C-1C47-4FE1-BAD0-F78296666986}.Debug|Any CPU.ActiveCfg = Debug|x86
		{2709171C-1C47-4FE1-BAD0-F78296666986}.Debug|ARM.ActiveCfg = Debug|ARM
		{2709171C-1C47-4FE1-BAD0-F78296666986}.Debug|ARM.Build.0 = Debug|ARM
		{2709171C-1C47-4FE1-BAD0-F78296666986}.Debug|ARM.Deploy.0 = Debug|ARM
		{2709171C-1C47-4FE1-BAD0-F78296666986}.Debug|iPhone.ActiveCfg = Debug|x86
		{2709171C-1C47-4FE1-BAD0-F78296666986}.Debug|iPhoneSimulator.ActiveCfg = Debug|x86
		{2709171C-1C47-4FE1-BAD0-F78296666986}.Debug|x64.ActiveCfg = Debug|x64
		{2709171C-1C47-4FE1-BAD0-F78296666986}.Debug|x64.Build.0 = Debug|x64
		{2709171C-1C47-4FE1-BAD0-F78296666986}.Debug|x64.Deploy.0 = Debug|x64
		{2709171C-1C47-4FE1-BAD0-F78296666986}.Debug|x86.ActiveCfg = Debug|x86
		{2709171C-1C47-4FE1-BAD0-F78296666986}.Debug|x86.Build.0 = Debug|x86
		{2709171C-1C47-4FE1-BAD0-F78296666986}.Debug|x86.Deploy.0 = Debug|x86
		{2709171C-1C47-4FE1-BAD0-F78296666986}.Release|Any CPU.ActiveCfg = Release|x86
		{2709171C-1C47-4FE1-BAD0-F78296666986}.Release|ARM.ActiveCfg = Release|ARM
		{2709171C-1C47-4FE1-BAD0-F78296666986}.Release|ARM.Build.0 = Release|ARM
		{2709171C-1C47-4FE1-BAD0-F78296666986}.Release|ARM.Deploy.0 = Release|ARM
		{2709171C-1C47-4FE1-BAD0-F78296666986}.Release|iPhone.ActiveCfg = Release|x86
		{2709171C-1C47-4FE1-BAD0-F78296666986}.Release|iPhoneSimulator.ActiveCfg = Release|x86
		{2709171C-1C47-4FE1-BAD0-F78296666986}.Release|x64.ActiveCfg = Release|x64
		{2709171C-1C47-4FE1-BAD0-F78296666986}.Release|x64.Build.0 = Release|x64
		{2709171C-1C47-4FE1-BAD0-F78296666986}.Release|x64.Deploy.0 = Release|x64
		{2709171C-1C47-4FE1-BAD0-F78296666986}.Release|x86.ActiveCfg = Release|x86
		{2709171C-1C47-4FE1-BAD0-F78296666986}.Release|x86.Build.0 = Release|x86
		{2709171C-1C47-4FE1-BAD0-F78296666986}.Release|x86.Deploy.0 = Release|x86
		{4BD418DA-7D1E-462F-853D-F12492578E64}.Ad-Hoc|Any CPU.ActiveCfg = Ad-Hoc|iPhone
		{4BD418DA-7D1E-462F-853D-F12492578E64}.Ad-Hoc|ARM.ActiveCfg = Ad-Hoc|iPhone
		{4BD418DA-7D1E-462F-853D-F12492578E64}.Ad-Hoc|iPhone.ActiveCfg = Ad-Hoc|iPhone
		{4BD418DA-7D1E-462F-853D-F12492578E64}.Ad-Hoc|iPhone.Build.0 = Ad-Hoc|iPhone
		{4BD418DA-7D1E-462F-853D-F12492578E64}.Ad-Hoc|iPhoneSimulator.ActiveCfg = Ad-Hoc|iPhoneSimulator
		{4BD418DA-7D1E-462F-853D-F12492578E64}.Ad-Hoc|iPhoneSimulator.Build.0 = Ad-Hoc|iPhoneSimulator
		{4BD418DA-7D1E-462F-853D-F12492578E64}.Ad-Hoc|x64.ActiveCfg = Ad-Hoc|iPhone
		{4BD418DA-7D1E-462F-853D-F12492578E64}.Ad-Hoc|x86.ActiveCfg = Ad-Hoc|iPhone
		{4BD418DA-7D1E-462F-853D-F12492578E64}.AppStore|Any CPU.ActiveCfg = AppStore|iPhone
		{4BD418DA-7D1E-462F-853D-F12492578E64}.AppStore|ARM.ActiveCfg = AppStore|iPhone
		{4BD418DA-7D1E-462F-853D-F12492578E64}.AppStore|iPhone.ActiveCfg = AppStore|iPhone
		{4BD418DA-7D1E-462F-853D-F12492578E64}.AppStore|iPhone.Build.0 = AppStore|iPhone
		{4BD418DA-7D1E-462F-853D-F12492578E64}.AppStore|iPhoneSimulator.ActiveCfg = AppStore|iPhoneSimulator
		{4BD418DA-7D1E-462F-853D-F12492578E64}.AppStore|iPhoneSimulator.Build.0 = AppStore|iPhoneSimulator
		{4BD418DA-7D1E-462F-853D-F12492578E64}.AppStore|x64.ActiveCfg = AppStore|iPhone
		{4BD418DA-7D1E-462F-853D-F12492578E64}.AppStore|x86.ActiveCfg = AppStore|iPhone
		{4BD418DA-7D1E-462F-853D-F12492578E64}.Debug|Any CPU.ActiveCfg = Debug|iPhone
		{4BD418DA-7D1E-462F-853D-F12492578E64}.Debug|ARM.ActiveCfg = Debug|iPhone
		{4BD418DA-7D1E-462F-853D-F12492578E64}.Debug|iPhone.ActiveCfg = Debug|iPhone
		{4BD418DA-7D1E-462F-853D-F12492578E64}.Debug|iPhone.Build.0 = Debug|iPhone
		{4BD418DA-7D1E-462F-853D-F12492578E64}.Debug|iPhoneSimulator.ActiveCfg = Debug|iPhoneSimulator
		{4BD418DA-7D1E-462F-853D-F12492578E64}.Debug|iPhoneSimulator.Build.0 = Debug|iPhoneSimulator
		{4BD418DA-7D1E-462F-853D-F12492578E64}.Debug|x64.ActiveCfg = Debug|iPhone
		{4BD418DA-7D1E-462F-853D-F12492578E64}.Debug|x86.ActiveCfg = Debug|iPhone
		{4BD418DA-7D1E-462F-853D-F12492578E64}.Release|Any CPU.ActiveCfg = Release|iPhone
		{4BD418DA-7D1E-462F-853D-F12492578E64}.Release|ARM.ActiveCfg = Release|iPhone
		{4BD418DA-7D1E-462F-853D-F12492578E64}.Release|iPhone.ActiveCfg = Release|iPhone
		{4BD418DA-7D1E-462F-853D-F12492578E64}.Release|iPhone.Build.0 = Release|iPhone
		{4BD418DA-7D1E-462F-853D-F12492578E64}.Release|iPhoneSimulator.ActiveCfg = Release|iPhoneSimulator
		{4BD418DA-7D1E-462F-853D-F12492578E64}.Release|iPhoneSimulator.Build.0 = Release|iPhoneSimulator
		{4BD418DA-7D1E-462F-853D-F12492578E64}.Release|x64.ActiveCfg = Release|iPhone
		{4BD418DA-7D1E-462F-853D-F12492578E64}.Release|x86.ActiveCfg = Release|iPhone
		{67F9D3A8-F71E-4428-913F-C37AE82CDB24}.Ad-Hoc|Any CPU.ActiveCfg = Release|Any CPU
		{67F9D3A8-F71E-4428-913F-C37AE82CDB24}.Ad-Hoc|Any CPU.Build.0 = Release|Any CPU
		{67F9D3A8-F71E-4428-913F-C37AE82CDB24}.Ad-Hoc|ARM.ActiveCfg = Release|Any CPU
		{67F9D3A8-F71E-4428-913F-C37AE82CDB24}.Ad-Hoc|ARM.Build.0 = Release|Any CPU
		{67F9D3A8-F71E-4428-913F-C37AE82CDB24}.Ad-Hoc|iPhone.ActiveCfg = Release|Any CPU
		{67F9D3A8-F71E-4428-913F-C37AE82CDB24}.Ad-Hoc|iPhone.Build.0 = Release|Any CPU
		{67F9D3A8-F71E-4428-913F-C37AE82CDB24}.Ad-Hoc|iPhoneSimulator.ActiveCfg = Release|Any CPU
		{67F9D3A8-F71E-4428-913F-C37AE82CDB24}.Ad-Hoc|iPhoneSimulator.Build.0 = Release|Any CPU
		{67F9D3A8-F71E-4428-913F-C37AE82CDB24}.Ad-Hoc|x64.ActiveCfg = Release|Any CPU
		{67F9D3A8-F71E-4428-913F-C37AE82CDB24}.Ad-Hoc|x64.Build.0 = Release|Any CPU
		{67F9D3A8-F71E-4428-913F-C37AE82CDB24}.Ad-Hoc|x86.ActiveCfg = Release|Any CPU
		{67F9D3A8-F71E-4428-913F-C37AE82CDB24}.Ad-Hoc|x86.Build.0 = Release|Any CPU
		{67F9D3A8-F71E-4428-913F-C37AE82CDB24}.AppStore|Any CPU.ActiveCfg = Release|Any CPU
		{67F9D3A8-F71E-4428-913F-C37AE82CDB24}.AppStore|Any CPU.Build.0 = Release|Any CPU
		{67F9D3A8-F71E-4428-913F-C37AE82CDB24}.AppStore|ARM.ActiveCfg = Release|Any CPU
		{67F9D3A8-F71E-4428-913F-C37AE82CDB24}.AppStore|ARM.Build.0 = Release|Any CPU
		{67F9D3A8-F71E-4428-913F-C37AE82CDB24}.AppStore|iPhone.ActiveCfg = Release|Any CPU
		{67F9D3A8-F71E-4428-913F-C37AE82CDB24}.AppStore|iPhone.Build.0 = Release|Any CPU
		{67F9D3A8-F71E-4428-913F-C37AE82CDB24}.AppStore|iPhoneSimulator.ActiveCfg = Release|Any CPU
		{67F9D3A8-F71E-4428-913F-C37AE82CDB24}.AppStore|iPhoneSimulator.Build.0 = Release|Any CPU
		{67F9D3A8-F71E-4428-913F-C37AE82CDB24}.AppStore|x64.ActiveCfg = Release|Any CPU
		{67F9D3A8-F71E-4428-913F-C37AE82CDB24}.AppStore|x64.Build.0 = Release|Any CPU
		{67F9D3A8-F71E-4428-913F-C37AE82CDB24}.AppStore|x86.ActiveCfg = Release|Any CPU
		{67F9D3A8-F71E-4428-913F-C37AE82CDB24}.AppStore|x86.Build.0 = Release|Any CPU
		{67F9D3A8-F71E-4428-913F-C37AE82CDB24}.Debug|Any CPU.ActiveCfg = Debug|Any CPU
		{67F9D3A8-F71E-4428-913F-C37AE82CDB24}.Debug|Any CPU.Build.0 = Debug|Any CPU
		{67F9D3A8-F71E-4428-913F-C37AE82CDB24}.Debug|ARM.ActiveCfg = Debug|Any CPU
		{67F9D3A8-F71E-4428-913F-C37AE82CDB24}.Debug|ARM.Build.0 = Debug|Any CPU
		{67F9D3A8-F71E-4428-913F-C37AE82CDB24}.Debug|iPhone.ActiveCfg = Debug|Any CPU
		{67F9D3A8-F71E-4428-913F-C37AE82CDB24}.Debug|iPhone.Build.0 = Debug|Any CPU
		{67F9D3A8-F71E-4428-913F-C37AE82CDB24}.Debug|iPhoneSimulator.ActiveCfg = Debug|Any CPU
		{67F9D3A8-F71E-4428-913F-C37AE82CDB24}.Debug|iPhoneSimulator.Build.0 = Debug|Any CPU
		{67F9D3A8-F71E-4428-913F-C37AE82CDB24}.Debug|x64.ActiveCfg = Debug|Any CPU
		{67F9D3A8-F71E-4428-913F-C37AE82CDB24}.Debug|x64.Build.0 = Debug|Any CPU
		{67F9D3A8-F71E-4428-913F-C37AE82CDB24}.Debug|x86.ActiveCfg = Debug|Any CPU
		{67F9D3A8-F71E-4428-913F-C37AE82CDB24}.Debug|x86.Build.0 = Debug|Any CPU
		{67F9D3A8-F71E-4428-913F-C37AE82CDB24}.Release|Any CPU.ActiveCfg = Release|Any CPU
		{67F9D3A8-F71E-4428-913F-C37AE82CDB24}.Release|Any CPU.Build.0 = Release|Any CPU
		{67F9D3A8-F71E-4428-913F-C37AE82CDB24}.Release|ARM.ActiveCfg = Release|Any CPU
		{67F9D3A8-F71E-4428-913F-C37AE82CDB24}.Release|ARM.Build.0 = Release|Any CPU
		{67F9D3A8-F71E-4428-913F-C37AE82CDB24}.Release|iPhone.ActiveCfg = Release|Any CPU
		{67F9D3A8-F71E-4428-913F-C37AE82CDB24}.Release|iPhone.Build.0 = Release|Any CPU
		{67F9D3A8-F71E-4428-913F-C37AE82CDB24}.Release|iPhoneSimulator.ActiveCfg = Release|Any CPU
		{67F9D3A8-F71E-4428-913F-C37AE82CDB24}.Release|iPhoneSimulator.Build.0 = Release|Any CPU
		{67F9D3A8-F71E-4428-913F-C37AE82CDB24}.Release|x64.ActiveCfg = Release|Any CPU
		{67F9D3A8-F71E-4428-913F-C37AE82CDB24}.Release|x64.Build.0 = Release|Any CPU
		{67F9D3A8-F71E-4428-913F-C37AE82CDB24}.Release|x86.ActiveCfg = Release|Any CPU
		{67F9D3A8-F71E-4428-913F-C37AE82CDB24}.Release|x86.Build.0 = Release|Any CPU
		{8FDC9DB9-F16D-455A-AC1B-01D5450959DE}.Ad-Hoc|Any CPU.ActiveCfg = Release|Any CPU
		{8FDC9DB9-F16D-455A-AC1B-01D5450959DE}.Ad-Hoc|Any CPU.Build.0 = Release|Any CPU
		{8FDC9DB9-F16D-455A-AC1B-01D5450959DE}.Ad-Hoc|ARM.ActiveCfg = Release|Any CPU
		{8FDC9DB9-F16D-455A-AC1B-01D5450959DE}.Ad-Hoc|ARM.Build.0 = Release|Any CPU
		{8FDC9DB9-F16D-455A-AC1B-01D5450959DE}.Ad-Hoc|iPhone.ActiveCfg = Release|Any CPU
		{8FDC9DB9-F16D-455A-AC1B-01D5450959DE}.Ad-Hoc|iPhone.Build.0 = Release|Any CPU
		{8FDC9DB9-F16D-455A-AC1B-01D5450959DE}.Ad-Hoc|iPhoneSimulator.ActiveCfg = Release|Any CPU
		{8FDC9DB9-F16D-455A-AC1B-01D5450959DE}.Ad-Hoc|iPhoneSimulator.Build.0 = Release|Any CPU
		{8FDC9DB9-F16D-455A-AC1B-01D5450959DE}.Ad-Hoc|x64.ActiveCfg = Release|Any CPU
		{8FDC9DB9-F16D-455A-AC1B-01D5450959DE}.Ad-Hoc|x64.Build.0 = Release|Any CPU
		{8FDC9DB9-F16D-455A-AC1B-01D5450959DE}.Ad-Hoc|x86.ActiveCfg = Release|Any CPU
		{8FDC9DB9-F16D-455A-AC1B-01D5450959DE}.Ad-Hoc|x86.Build.0 = Release|Any CPU
		{8FDC9DB9-F16D-455A-AC1B-01D5450959DE}.AppStore|Any CPU.ActiveCfg = Release|Any CPU
		{8FDC9DB9-F16D-455A-AC1B-01D5450959DE}.AppStore|Any CPU.Build.0 = Release|Any CPU
		{8FDC9DB9-F16D-455A-AC1B-01D5450959DE}.AppStore|ARM.ActiveCfg = Release|Any CPU
		{8FDC9DB9-F16D-455A-AC1B-01D5450959DE}.AppStore|ARM.Build.0 = Release|Any CPU
		{8FDC9DB9-F16D-455A-AC1B-01D5450959DE}.AppStore|iPhone.ActiveCfg = Release|Any CPU
		{8FDC9DB9-F16D-455A-AC1B-01D5450959DE}.AppStore|iPhone.Build.0 = Release|Any CPU
		{8FDC9DB9-F16D-455A-AC1B-01D5450959DE}.AppStore|iPhoneSimulator.ActiveCfg = Release|Any CPU
		{8FDC9DB9-F16D-455A-AC1B-01D5450959DE}.AppStore|iPhoneSimulator.Build.0 = Release|Any CPU
		{8FDC9DB9-F16D-455A-AC1B-01D5450959DE}.AppStore|x64.ActiveCfg = Release|Any CPU
		{8FDC9DB9-F16D-455A-AC1B-01D5450959DE}.AppStore|x64.Build.0 = Release|Any CPU
		{8FDC9DB9-F16D-455A-AC1B-01D5450959DE}.AppStore|x86.ActiveCfg = Release|Any CPU
		{8FDC9DB9-F16D-455A-AC1B-01D5450959DE}.AppStore|x86.Build.0 = Release|Any CPU
		{8FDC9DB9-F16D-455A-AC1B-01D5450959DE}.Debug|Any CPU.ActiveCfg = Debug|Any CPU
		{8FDC9DB9-F16D-455A-AC1B-01D5450959DE}.Debug|Any CPU.Build.0 = Debug|Any CPU
		{8FDC9DB9-F16D-455A-AC1B-01D5450959DE}.Debug|ARM.ActiveCfg = Debug|Any CPU
		{8FDC9DB9-F16D-455A-AC1B-01D5450959DE}.Debug|ARM.Build.0 = Debug|Any CPU
		{8FDC9DB9-F16D-455A-AC1B-01D5450959DE}.Debug|iPhone.ActiveCfg = Debug|Any CPU
		{8FDC9DB9-F16D-455A-AC1B-01D5450959DE}.Debug|iPhone.Build.0 = Debug|Any CPU
		{8FDC9DB9-F16D-455A-AC1B-01D5450959DE}.Debug|iPhoneSimulator.ActiveCfg = Debug|Any CPU
		{8FDC9DB9-F16D-455A-AC1B-01D5450959DE}.Debug|iPhoneSimulator.Build.0 = Debug|Any CPU
		{8FDC9DB9-F16D-455A-AC1B-01D5450959DE}.Debug|x64.ActiveCfg = Debug|Any CPU
		{8FDC9DB9-F16D-455A-AC1B-01D5450959DE}.Debug|x64.Build.0 = Debug|Any CPU
		{8FDC9DB9-F16D-455A-AC1B-01D5450959DE}.Debug|x86.ActiveCfg = Debug|Any CPU
		{8FDC9DB9-F16D-455A-AC1B-01D5450959DE}.Debug|x86.Build.0 = Debug|Any CPU
		{8FDC9DB9-F16D-455A-AC1B-01D5450959DE}.Release|Any CPU.ActiveCfg = Release|Any CPU
		{8FDC9DB9-F16D-455A-AC1B-01D5450959DE}.Release|Any CPU.Build.0 = Release|Any CPU
		{8FDC9DB9-F16D-455A-AC1B-01D5450959DE}.Release|ARM.ActiveCfg = Release|Any CPU
		{8FDC9DB9-F16D-455A-AC1B-01D5450959DE}.Release|ARM.Build.0 = Release|Any CPU
		{8FDC9DB9-F16D-455A-AC1B-01D5450959DE}.Release|iPhone.ActiveCfg = Release|Any CPU
		{8FDC9DB9-F16D-455A-AC1B-01D5450959DE}.Release|iPhone.Build.0 = Release|Any CPU
		{8FDC9DB9-F16D-455A-AC1B-01D5450959DE}.Release|iPhoneSimulator.ActiveCfg = Release|Any CPU
		{8FDC9DB9-F16D-455A-AC1B-01D5450959DE}.Release|iPhoneSimulator.Build.0 = Release|Any CPU
		{8FDC9DB9-F16D-455A-AC1B-01D5450959DE}.Release|x64.ActiveCfg = Release|Any CPU
		{8FDC9DB9-F16D-455A-AC1B-01D5450959DE}.Release|x64.Build.0 = Release|Any CPU
		{8FDC9DB9-F16D-455A-AC1B-01D5450959DE}.Release|x86.ActiveCfg = Release|Any CPU
		{8FDC9DB9-F16D-455A-AC1B-01D5450959DE}.Release|x86.Build.0 = Release|Any CPU
		{A1D96EFD-D828-4C15-B2BA-8BA2A554E2B1}.Ad-Hoc|Any CPU.ActiveCfg = Release|Any CPU
		{A1D96EFD-D828-4C15-B2BA-8BA2A554E2B1}.Ad-Hoc|Any CPU.Build.0 = Release|Any CPU
		{A1D96EFD-D828-4C15-B2BA-8BA2A554E2B1}.Ad-Hoc|ARM.ActiveCfg = Release|Any CPU
		{A1D96EFD-D828-4C15-B2BA-8BA2A554E2B1}.Ad-Hoc|ARM.Build.0 = Release|Any CPU
		{A1D96EFD-D828-4C15-B2BA-8BA2A554E2B1}.Ad-Hoc|iPhone.ActiveCfg = Release|Any CPU
		{A1D96EFD-D828-4C15-B2BA-8BA2A554E2B1}.Ad-Hoc|iPhone.Build.0 = Release|Any CPU
		{A1D96EFD-D828-4C15-B2BA-8BA2A554E2B1}.Ad-Hoc|iPhoneSimulator.ActiveCfg = Release|Any CPU
		{A1D96EFD-D828-4C15-B2BA-8BA2A554E2B1}.Ad-Hoc|iPhoneSimulator.Build.0 = Release|Any CPU
		{A1D96EFD-D828-4C15-B2BA-8BA2A554E2B1}.Ad-Hoc|x64.ActiveCfg = Release|Any CPU
		{A1D96EFD-D828-4C15-B2BA-8BA2A554E2B1}.Ad-Hoc|x64.Build.0 = Release|Any CPU
		{A1D96EFD-D828-4C15-B2BA-8BA2A554E2B1}.Ad-Hoc|x86.ActiveCfg = Release|x86
		{A1D96EFD-D828-4C15-B2BA-8BA2A554E2B1}.Ad-Hoc|x86.Build.0 = Release|x86
		{A1D96EFD-D828-4C15-B2BA-8BA2A554E2B1}.AppStore|Any CPU.ActiveCfg = Release|Any CPU
		{A1D96EFD-D828-4C15-B2BA-8BA2A554E2B1}.AppStore|Any CPU.Build.0 = Release|Any CPU
		{A1D96EFD-D828-4C15-B2BA-8BA2A554E2B1}.AppStore|ARM.ActiveCfg = Release|Any CPU
		{A1D96EFD-D828-4C15-B2BA-8BA2A554E2B1}.AppStore|ARM.Build.0 = Release|Any CPU
		{A1D96EFD-D828-4C15-B2BA-8BA2A554E2B1}.AppStore|iPhone.ActiveCfg = Release|Any CPU
		{A1D96EFD-D828-4C15-B2BA-8BA2A554E2B1}.AppStore|iPhone.Build.0 = Release|Any CPU
		{A1D96EFD-D828-4C15-B2BA-8BA2A554E2B1}.AppStore|iPhoneSimulator.ActiveCfg = Release|Any CPU
		{A1D96EFD-D828-4C15-B2BA-8BA2A554E2B1}.AppStore|iPhoneSimulator.Build.0 = Release|Any CPU
		{A1D96EFD-D828-4C15-B2BA-8BA2A554E2B1}.AppStore|x64.ActiveCfg = Release|Any CPU
		{A1D96EFD-D828-4C15-B2BA-8BA2A554E2B1}.AppStore|x64.Build.0 = Release|Any CPU
		{A1D96EFD-D828-4C15-B2BA-8BA2A554E2B1}.AppStore|x86.ActiveCfg = Release|x86
		{A1D96EFD-D828-4C15-B2BA-8BA2A554E2B1}.AppStore|x86.Build.0 = Release|x86
		{A1D96EFD-D828-4C15-B2BA-8BA2A554E2B1}.Debug|Any CPU.ActiveCfg = Debug|Any CPU
		{A1D96EFD-D828-4C15-B2BA-8BA2A554E2B1}.Debug|Any CPU.Build.0 = Debug|Any CPU
		{A1D96EFD-D828-4C15-B2BA-8BA2A554E2B1}.Debug|ARM.ActiveCfg = Debug|Any CPU
		{A1D96EFD-D828-4C15-B2BA-8BA2A554E2B1}.Debug|ARM.Build.0 = Debug|Any CPU
		{A1D96EFD-D828-4C15-B2BA-8BA2A554E2B1}.Debug|iPhone.ActiveCfg = Debug|Any CPU
		{A1D96EFD-D828-4C15-B2BA-8BA2A554E2B1}.Debug|iPhone.Build.0 = Debug|Any CPU
		{A1D96EFD-D828-4C15-B2BA-8BA2A554E2B1}.Debug|iPhoneSimulator.ActiveCfg = Debug|Any CPU
		{A1D96EFD-D828-4C15-B2BA-8BA2A554E2B1}.Debug|iPhoneSimulator.Build.0 = Debug|Any CPU
		{A1D96EFD-D828-4C15-B2BA-8BA2A554E2B1}.Debug|x64.ActiveCfg = Debug|Any CPU
		{A1D96EFD-D828-4C15-B2BA-8BA2A554E2B1}.Debug|x64.Build.0 = Debug|Any CPU
		{A1D96EFD-D828-4C15-B2BA-8BA2A554E2B1}.Debug|x86.ActiveCfg = Debug|x86
		{A1D96EFD-D828-4C15-B2BA-8BA2A554E2B1}.Debug|x86.Build.0 = Debug|x86
		{A1D96EFD-D828-4C15-B2BA-8BA2A554E2B1}.Release|Any CPU.ActiveCfg = Release|Any CPU
		{A1D96EFD-D828-4C15-B2BA-8BA2A554E2B1}.Release|Any CPU.Build.0 = Release|Any CPU
		{A1D96EFD-D828-4C15-B2BA-8BA2A554E2B1}.Release|ARM.ActiveCfg = Release|Any CPU
		{A1D96EFD-D828-4C15-B2BA-8BA2A554E2B1}.Release|ARM.Build.0 = Release|Any CPU
		{A1D96EFD-D828-4C15-B2BA-8BA2A554E2B1}.Release|iPhone.ActiveCfg = Release|Any CPU
		{A1D96EFD-D828-4C15-B2BA-8BA2A554E2B1}.Release|iPhone.Build.0 = Release|Any CPU
		{A1D96EFD-D828-4C15-B2BA-8BA2A554E2B1}.Release|iPhoneSimulator.ActiveCfg = Release|Any CPU
		{A1D96EFD-D828-4C15-B2BA-8BA2A554E2B1}.Release|iPhoneSimulator.Build.0 = Release|Any CPU
		{A1D96EFD-D828-4C15-B2BA-8BA2A554E2B1}.Release|x64.ActiveCfg = Release|Any CPU
		{A1D96EFD-D828-4C15-B2BA-8BA2A554E2B1}.Release|x64.Build.0 = Release|Any CPU
		{A1D96EFD-D828-4C15-B2BA-8BA2A554E2B1}.Release|x86.ActiveCfg = Release|x86
		{A1D96EFD-D828-4C15-B2BA-8BA2A554E2B1}.Release|x86.Build.0 = Release|x86
		{C9C28B88-6937-48B9-AF71-E281E03241A5}.Ad-Hoc|Any CPU.ActiveCfg = Release|Any CPU
		{C9C28B88-6937-48B9-AF71-E281E03241A5}.Ad-Hoc|Any CPU.Build.0 = Release|Any CPU
		{C9C28B88-6937-48B9-AF71-E281E03241A5}.Ad-Hoc|ARM.ActiveCfg = Release|ARM
		{C9C28B88-6937-48B9-AF71-E281E03241A5}.Ad-Hoc|ARM.Build.0 = Release|ARM
		{C9C28B88-6937-48B9-AF71-E281E03241A5}.Ad-Hoc|iPhone.ActiveCfg = Release|Any CPU
		{C9C28B88-6937-48B9-AF71-E281E03241A5}.Ad-Hoc|iPhone.Build.0 = Release|Any CPU
		{C9C28B88-6937-48B9-AF71-E281E03241A5}.Ad-Hoc|iPhoneSimulator.ActiveCfg = Release|Any CPU
		{C9C28B88-6937-48B9-AF71-E281E03241A5}.Ad-Hoc|iPhoneSimulator.Build.0 = Release|Any CPU
		{C9C28B88-6937-48B9-AF71-E281E03241A5}.Ad-Hoc|x64.ActiveCfg = Release|x64
		{C9C28B88-6937-48B9-AF71-E281E03241A5}.Ad-Hoc|x64.Build.0 = Release|x64
		{C9C28B88-6937-48B9-AF71-E281E03241A5}.Ad-Hoc|x86.ActiveCfg = Release|x86
		{C9C28B88-6937-48B9-AF71-E281E03241A5}.Ad-Hoc|x86.Build.0 = Release|x86
		{C9C28B88-6937-48B9-AF71-E281E03241A5}.AppStore|Any CPU.ActiveCfg = Release|Any CPU
		{C9C28B88-6937-48B9-AF71-E281E03241A5}.AppStore|Any CPU.Build.0 = Release|Any CPU
		{C9C28B88-6937-48B9-AF71-E281E03241A5}.AppStore|ARM.ActiveCfg = Release|ARM
		{C9C28B88-6937-48B9-AF71-E281E03241A5}.AppStore|ARM.Build.0 = Release|ARM
		{C9C28B88-6937-48B9-AF71-E281E03241A5}.AppStore|iPhone.ActiveCfg = Release|Any CPU
		{C9C28B88-6937-48B9-AF71-E281E03241A5}.AppStore|iPhone.Build.0 = Release|Any CPU
		{C9C28B88-6937-48B9-AF71-E281E03241A5}.AppStore|iPhoneSimulator.ActiveCfg = Release|Any CPU
		{C9C28B88-6937-48B9-AF71-E281E03241A5}.AppStore|iPhoneSimulator.Build.0 = Release|Any CPU
		{C9C28B88-6937-48B9-AF71-E281E03241A5}.AppStore|x64.ActiveCfg = Release|x64
		{C9C28B88-6937-48B9-AF71-E281E03241A5}.AppStore|x64.Build.0 = Release|x64
		{C9C28B88-6937-48B9-AF71-E281E03241A5}.AppStore|x86.ActiveCfg = Release|x86
		{C9C28B88-6937-48B9-AF71-E281E03241A5}.AppStore|x86.Build.0 = Release|x86
		{C9C28B88-6937-48B9-AF71-E281E03241A5}.Debug|Any CPU.ActiveCfg = Debug|Any CPU
		{C9C28B88-6937-48B9-AF71-E281E03241A5}.Debug|Any CPU.Build.0 = Debug|Any CPU
		{C9C28B88-6937-48B9-AF71-E281E03241A5}.Debug|ARM.ActiveCfg = Debug|ARM
		{C9C28B88-6937-48B9-AF71-E281E03241A5}.Debug|ARM.Build.0 = Debug|ARM
		{C9C28B88-6937-48B9-AF71-E281E03241A5}.Debug|iPhone.ActiveCfg = Debug|Any CPU
		{C9C28B88-6937-48B9-AF71-E281E03241A5}.Debug|iPhone.Build.0 = Debug|Any CPU
		{C9C28B88-6937-48B9-AF71-E281E03241A5}.Debug|iPhoneSimulator.ActiveCfg = Debug|Any CPU
		{C9C28B88-6937-48B9-AF71-E281E03241A5}.Debug|iPhoneSimulator.Build.0 = Debug|Any CPU
		{C9C28B88-6937-48B9-AF71-E281E03241A5}.Debug|x64.ActiveCfg = Debug|x64
		{C9C28B88-6937-48B9-AF71-E281E03241A5}.Debug|x64.Build.0 = Debug|x64
		{C9C28B88-6937-48B9-AF71-E281E03241A5}.Debug|x86.ActiveCfg = Debug|x86
		{C9C28B88-6937-48B9-AF71-E281E03241A5}.Debug|x86.Build.0 = Debug|x86
		{C9C28B88-6937-48B9-AF71-E281E03241A5}.Release|Any CPU.ActiveCfg = Release|Any CPU
		{C9C28B88-6937-48B9-AF71-E281E03241A5}.Release|Any CPU.Build.0 = Release|Any CPU
		{C9C28B88-6937-48B9-AF71-E281E03241A5}.Release|ARM.ActiveCfg = Release|ARM
		{C9C28B88-6937-48B9-AF71-E281E03241A5}.Release|ARM.Build.0 = Release|ARM
		{C9C28B88-6937-48B9-AF71-E281E03241A5}.Release|iPhone.ActiveCfg = Release|Any CPU
		{C9C28B88-6937-48B9-AF71-E281E03241A5}.Release|iPhone.Build.0 = Release|Any CPU
		{C9C28B88-6937-48B9-AF71-E281E03241A5}.Release|iPhoneSimulator.ActiveCfg = Release|Any CPU
		{C9C28B88-6937-48B9-AF71-E281E03241A5}.Release|iPhoneSimulator.Build.0 = Release|Any CPU
		{C9C28B88-6937-48B9-AF71-E281E03241A5}.Release|x64.ActiveCfg = Release|x64
		{C9C28B88-6937-48B9-AF71-E281E03241A5}.Release|x64.Build.0 = Release|x64
		{C9C28B88-6937-48B9-AF71-E281E03241A5}.Release|x86.ActiveCfg = Release|x86
		{C9C28B88-6937-48B9-AF71-E281E03241A5}.Release|x86.Build.0 = Release|x86
	EndGlobalSection
	GlobalSection(SolutionProperties) = preSolution
		HideSolutionNode = FALSE
	EndGlobalSection
	GlobalSection(ExtensibilityGlobals) = postSolution
		SolutionGuid = {E82D0A1E-58F5-4CFF-BF5F-E2DF5BE4B42D}
	EndGlobalSection
EndGlobal
